
Microsoft Visual Studio Solution File, Format Version 12.00
# Visual Studio Version 16
VisualStudioVersion = 16.0.30225.117
MinimumVisualStudioVersion = 10.0.40219.1
Project("{8BC9CEB8-8B4A-11D0-8D11-00A0C91BC942}") = "alienfx-cli", "alienfx-cli\alienfx-cli.vcxproj", "{FF6119EA-878F-4E7B-9FCD-8410A5D3FBF8}"
	ProjectSection(ProjectDependencies) = postProject
		{90879993-7449-4A28-972E-7228D4C4D0A8} = {90879993-7449-4A28-972E-7228D4C4D0A8}
	EndProjectSection
EndProject
Project("{8BC9CEB8-8B4A-11D0-8D11-00A0C91BC942}") = "alienfx-ambient", "alienfx-ambient\alienfx-ambient.vcxproj", "{50708A5A-1753-426C-85DE-43DE32500B30}"
EndProject
Project("{8BC9CEB8-8B4A-11D0-8D11-00A0C91BC942}") = "AlienFX_SDK", "AlienFX-SDK\AlienFX_SDK\AlienFX_SDK.vcxproj", "{90879993-7449-4A28-972E-7228D4C4D0A8}"
EndProject
Project("{8BC9CEB8-8B4A-11D0-8D11-00A0C91BC942}") = "alienfx-probe", "alienfx-probe\alienfx-probe.vcxproj", "{4ECAFBB9-B7B9-4BC3-9C42-1882A68EDAC8}"
	ProjectSection(ProjectDependencies) = postProject
		{90879993-7449-4A28-972E-7228D4C4D0A8} = {90879993-7449-4A28-972E-7228D4C4D0A8}
		{FF6119EA-878F-4E7B-9FCD-8410A5D3FBF8} = {FF6119EA-878F-4E7B-9FCD-8410A5D3FBF8}
	EndProjectSection
EndProject
Project("{8BC9CEB8-8B4A-11D0-8D11-00A0C91BC942}") = "alienfx-gui", "alienfx-gui\alienfx-gui.vcxproj", "{E47811D5-E492-4B51-AD9A-A9B00939E3EC}"
EndProject
Project("{8BC9CEB8-8B4A-11D0-8D11-00A0C91BC942}") = "alienfx-haptics", "alienfx-haptics\alienfx-haptics.vcxproj", "{E5234A07-D191-420E-AF6B-344C4557FAAE}"
EndProject
Project("{8BC9CEB8-8B4A-11D0-8D11-00A0C91BC942}") = "kiss_fft", "alienfx-haptics\kiss_fft\kiss_fft.vcxproj", "{E6F98B66-1C66-4AFD-8A48-FAA1022F8196}"
EndProject
Project("{54435603-DBB4-11D2-8724-00A0C9A8B90C}") = "AlienFX tools", "Install\Install.vdproj", "{CD8C911D-6B80-4F5D-A1A4-4CDBCB057ED7}"
EndProject
Global
	GlobalSection(SolutionConfigurationPlatforms) = preSolution
		Debug|x64 = Debug|x64
		Debug|x86 = Debug|x86
		Release|x64 = Release|x64
		Release|x86 = Release|x86
	EndGlobalSection
	GlobalSection(ProjectConfigurationPlatforms) = postSolution
		{FF6119EA-878F-4E7B-9FCD-8410A5D3FBF8}.Debug|x64.ActiveCfg = Debug|x64
		{FF6119EA-878F-4E7B-9FCD-8410A5D3FBF8}.Debug|x64.Build.0 = Debug|x64
		{FF6119EA-878F-4E7B-9FCD-8410A5D3FBF8}.Debug|x64.Deploy.0 = Debug|x64
		{FF6119EA-878F-4E7B-9FCD-8410A5D3FBF8}.Debug|x86.ActiveCfg = Debug|Win32
		{FF6119EA-878F-4E7B-9FCD-8410A5D3FBF8}.Debug|x86.Build.0 = Debug|Win32
		{FF6119EA-878F-4E7B-9FCD-8410A5D3FBF8}.Release|x64.ActiveCfg = Release|x64
		{FF6119EA-878F-4E7B-9FCD-8410A5D3FBF8}.Release|x64.Build.0 = Release|x64
		{FF6119EA-878F-4E7B-9FCD-8410A5D3FBF8}.Release|x86.ActiveCfg = Release|Win32
		{FF6119EA-878F-4E7B-9FCD-8410A5D3FBF8}.Release|x86.Build.0 = Release|Win32
		{50708A5A-1753-426C-85DE-43DE32500B30}.Debug|x64.ActiveCfg = Debug|x64
		{50708A5A-1753-426C-85DE-43DE32500B30}.Debug|x64.Build.0 = Debug|x64
		{50708A5A-1753-426C-85DE-43DE32500B30}.Debug|x64.Deploy.0 = Debug|x64
		{50708A5A-1753-426C-85DE-43DE32500B30}.Debug|x86.ActiveCfg = Debug|Win32
		{50708A5A-1753-426C-85DE-43DE32500B30}.Debug|x86.Build.0 = Debug|Win32
		{50708A5A-1753-426C-85DE-43DE32500B30}.Release|x64.ActiveCfg = Release|x64
		{50708A5A-1753-426C-85DE-43DE32500B30}.Release|x64.Build.0 = Release|x64
		{50708A5A-1753-426C-85DE-43DE32500B30}.Release|x86.ActiveCfg = Release|Win32
		{50708A5A-1753-426C-85DE-43DE32500B30}.Release|x86.Build.0 = Release|Win32
		{90879993-7449-4A28-972E-7228D4C4D0A8}.Debug|x64.ActiveCfg = Debug|x64
		{90879993-7449-4A28-972E-7228D4C4D0A8}.Debug|x64.Build.0 = Debug|x64
		{90879993-7449-4A28-972E-7228D4C4D0A8}.Debug|x86.ActiveCfg = Debug|Win32
		{90879993-7449-4A28-972E-7228D4C4D0A8}.Debug|x86.Build.0 = Debug|Win32
		{90879993-7449-4A28-972E-7228D4C4D0A8}.Release|x64.ActiveCfg = Release|x64
		{90879993-7449-4A28-972E-7228D4C4D0A8}.Release|x64.Build.0 = Release|x64
		{90879993-7449-4A28-972E-7228D4C4D0A8}.Release|x86.ActiveCfg = Release|Win32
		{90879993-7449-4A28-972E-7228D4C4D0A8}.Release|x86.Build.0 = Release|Win32
		{4ECAFBB9-B7B9-4BC3-9C42-1882A68EDAC8}.Debug|x64.ActiveCfg = Debug|x64
		{4ECAFBB9-B7B9-4BC3-9C42-1882A68EDAC8}.Debug|x64.Build.0 = Debug|x64
		{4ECAFBB9-B7B9-4BC3-9C42-1882A68EDAC8}.Debug|x64.Deploy.0 = Debug|x64
		{4ECAFBB9-B7B9-4BC3-9C42-1882A68EDAC8}.Debug|x86.ActiveCfg = Debug|Win32
		{4ECAFBB9-B7B9-4BC3-9C42-1882A68EDAC8}.Debug|x86.Build.0 = Debug|Win32
		{4ECAFBB9-B7B9-4BC3-9C42-1882A68EDAC8}.Release|x64.ActiveCfg = Release|x64
		{4ECAFBB9-B7B9-4BC3-9C42-1882A68EDAC8}.Release|x64.Build.0 = Release|x64
		{4ECAFBB9-B7B9-4BC3-9C42-1882A68EDAC8}.Release|x86.ActiveCfg = Release|Win32
		{4ECAFBB9-B7B9-4BC3-9C42-1882A68EDAC8}.Release|x86.Build.0 = Release|Win32
		{E47811D5-E492-4B51-AD9A-A9B00939E3EC}.Debug|x64.ActiveCfg = Debug|x64
		{E47811D5-E492-4B51-AD9A-A9B00939E3EC}.Debug|x64.Build.0 = Debug|x64
		{E47811D5-E492-4B51-AD9A-A9B00939E3EC}.Debug|x64.Deploy.0 = Debug|x64
		{E47811D5-E492-4B51-AD9A-A9B00939E3EC}.Debug|x86.ActiveCfg = Debug|Win32
		{E47811D5-E492-4B51-AD9A-A9B00939E3EC}.Debug|x86.Build.0 = Debug|Win32
		{E47811D5-E492-4B51-AD9A-A9B00939E3EC}.Release|x64.ActiveCfg = Release|x64
		{E47811D5-E492-4B51-AD9A-A9B00939E3EC}.Release|x64.Build.0 = Release|x64
		{E47811D5-E492-4B51-AD9A-A9B00939E3EC}.Release|x86.ActiveCfg = Release|Win32
		{E47811D5-E492-4B51-AD9A-A9B00939E3EC}.Release|x86.Build.0 = Release|Win32
		{E5234A07-D191-420E-AF6B-344C4557FAAE}.Debug|x64.ActiveCfg = Debug|x64
		{E5234A07-D191-420E-AF6B-344C4557FAAE}.Debug|x64.Build.0 = Debug|x64
		{E5234A07-D191-420E-AF6B-344C4557FAAE}.Debug|x64.Deploy.0 = Debug|x64
		{E5234A07-D191-420E-AF6B-344C4557FAAE}.Debug|x86.ActiveCfg = Debug|Win32
		{E5234A07-D191-420E-AF6B-344C4557FAAE}.Debug|x86.Build.0 = Debug|Win32
		{E5234A07-D191-420E-AF6B-344C4557FAAE}.Release|x64.ActiveCfg = Release|x64
		{E5234A07-D191-420E-AF6B-344C4557FAAE}.Release|x64.Build.0 = Release|x64
		{E5234A07-D191-420E-AF6B-344C4557FAAE}.Release|x86.ActiveCfg = Release|Win32
		{E5234A07-D191-420E-AF6B-344C4557FAAE}.Release|x86.Build.0 = Release|Win32
		{E6F98B66-1C66-4AFD-8A48-FAA1022F8196}.Debug|x64.ActiveCfg = Debug|x64
		{E6F98B66-1C66-4AFD-8A48-FAA1022F8196}.Debug|x64.Build.0 = Debug|x64
		{E6F98B66-1C66-4AFD-8A48-FAA1022F8196}.Debug|x86.ActiveCfg = Debug|Win32
		{E6F98B66-1C66-4AFD-8A48-FAA1022F8196}.Debug|x86.Build.0 = Debug|Win32
		{E6F98B66-1C66-4AFD-8A48-FAA1022F8196}.Release|x64.ActiveCfg = Release|x64
		{E6F98B66-1C66-4AFD-8A48-FAA1022F8196}.Release|x64.Build.0 = Release|x64
		{E6F98B66-1C66-4AFD-8A48-FAA1022F8196}.Release|x86.ActiveCfg = Release|Win32
		{E6F98B66-1C66-4AFD-8A48-FAA1022F8196}.Release|x86.Build.0 = Release|Win32
		{CD8C911D-6B80-4F5D-A1A4-4CDBCB057ED7}.Debug|x64.ActiveCfg = Debug
		{CD8C911D-6B80-4F5D-A1A4-4CDBCB057ED7}.Debug|x86.ActiveCfg = Debug
		{CD8C911D-6B80-4F5D-A1A4-4CDBCB057ED7}.Release|x64.ActiveCfg = Release
		{CD8C911D-6B80-4F5D-A1A4-4CDBCB057ED7}.Release|x86.ActiveCfg = Release
	EndGlobalSection
	GlobalSection(SolutionProperties) = preSolution
		HideSolutionNode = FALSE
	EndGlobalSection
	GlobalSection(ExtensibilityGlobals) = postSolution
		SolutionGuid = {BC1E1EF4-CAA0-4056-8067-A66F6680D024}
	EndGlobalSection
EndGlobal
