
Microsoft Visual Studio Solution File, Format Version 12.00
# Visual Studio Version 16
VisualStudioVersion = 16.0.30225.117
MinimumVisualStudioVersion = 10.0.40219.1
Project("{8BC9CEB8-8B4A-11D0-8D11-00A0C91BC942}") = "alienfx-cli", "alienfx-cli\alienfx-cli.vcxproj", "{FF6119EA-878F-4E7B-9FCD-8410A5D3FBF8}"
	ProjectSection(ProjectDependencies) = postProject
		{90879993-7449-4A28-972E-7228D4C4D0A8} = {90879993-7449-4A28-972E-7228D4C4D0A8}
	EndProjectSection
EndProject
Project("{8BC9CEB8-8B4A-11D0-8D11-00A0C91BC942}") = "alienfx-ambient", "alienfx-ambient\alienfx-ambient.vcxproj", "{50708A5A-1753-426C-85DE-43DE32500B30}"
EndProject
Project("{8BC9CEB8-8B4A-11D0-8D11-00A0C91BC942}") = "alienfx-probe", "alienfx-probe\alienfx-probe.vcxproj", "{4ECAFBB9-B7B9-4BC3-9C42-1882A68EDAC8}"
	ProjectSection(ProjectDependencies) = postProject
		{90879993-7449-4A28-972E-7228D4C4D0A8} = {90879993-7449-4A28-972E-7228D4C4D0A8}
		{FF6119EA-878F-4E7B-9FCD-8410A5D3FBF8} = {FF6119EA-878F-4E7B-9FCD-8410A5D3FBF8}
	EndProjectSection
EndProject
Project("{8BC9CEB8-8B4A-11D0-8D11-00A0C91BC942}") = "alienfx-gui", "alienfx-gui\alienfx-gui.vcxproj", "{E47811D5-E492-4B51-AD9A-A9B00939E3EC}"
EndProject
Project("{8BC9CEB8-8B4A-11D0-8D11-00A0C91BC942}") = "alienfx-haptics", "alienfx-haptics\alienfx-haptics.vcxproj", "{E5234A07-D191-420E-AF6B-344C4557FAAE}"
EndProject
Project("{8BC9CEB8-8B4A-11D0-8D11-00A0C91BC942}") = "kiss_fft", "alienfx-haptics\kiss_fft\kiss_fft.vcxproj", "{E6F98B66-1C66-4AFD-8A48-FAA1022F8196}"
EndProject
Project("{54435603-DBB4-11D2-8724-00A0C9A8B90C}") = "AlienFX tools", "Install\Install.vdproj", "{CD8C911D-6B80-4F5D-A1A4-4CDBCB057ED7}"
EndProject
Project("{2150E333-8FDC-42A3-9474-1A3956D46DE8}") = "Solution Items", "Solution Items", "{277F5C20-3D99-468F-9D00-B51EC647D372}"
	ProjectSection(SolutionItems) = preProject
		README.md = README.md
	EndProjectSection
EndProject
Project("{8BC9CEB8-8B4A-11D0-8D11-00A0C91BC942}") = "alienfx-shared", "alienfx-shared\alienfx-shared.vcxitems", "{CAD8B749-037A-4C37-AC11-67F69CB97B77}"
EndProject
Project("{8BC9CEB8-8B4A-11D0-8D11-00A0C91BC942}") = "alienfx-LFX", "alienfx-LFX\alienfx-LFX.vcxitems", "{CC4108AE-D644-45F9-95AA-67940D0FBEDA}"
EndProject
Project("{8BC9CEB8-8B4A-11D0-8D11-00A0C91BC942}") = "AlienFX_SDK", "AlienFX-SDK\AlienFX_SDK\AlienFX_SDK.vcxproj", "{90879993-7449-4A28-972E-7228D4C4D0A8}"
EndProject
Project("{8BC9CEB8-8B4A-11D0-8D11-00A0C91BC942}") = "HwAcc", "alienfan-tools\HwAcc\HwAcc.vcxproj", "{5D74F1CA-7A53-4CBC-ADC4-E484814C4C6A}"
EndProject
Project("{8BC9CEB8-8B4A-11D0-8D11-00A0C91BC942}") = "alienfan-lib", "alienfan-tools\alienfan-lib\AcpiLib.vcxproj", "{BA47C298-BB09-4D40-8197-1FF1EC55AC02}"
EndProject
Project("{8BC9CEB8-8B4A-11D0-8D11-00A0C91BC942}") = "alienfan-SDK", "alienfan-tools\alienfan-SDK\alienfan-SDK.vcxproj", "{41343B7C-6C9F-4AD4-9D27-050B3D76290D}"
EndProject
Project("{8BC9CEB8-8B4A-11D0-8D11-00A0C91BC942}") = "alienfan-cli", "alienfan-tools\alienfan-cli\alienfan-tools.vcxproj", "{D6AD2E10-F61C-43F1-87EA-E77DEA12DD42}"
EndProject
Project("{8BC9CEB8-8B4A-11D0-8D11-00A0C91BC942}") = "alienfan-gui", "alienfan-tools\alienfan-gui\alienfan-gui.vcxproj", "{3B208A8C-0E41-4830-A2B8-1319CFC778A7}"
EndProject
Project("{2150E333-8FDC-42A3-9474-1A3956D46DE8}") = "Doc", "Doc", "{C02B116D-3DDE-4326-B934-C192CCF0B368}"
	ProjectSection(SolutionItems) = preProject
		Doc\alienfx-ambient.md = Doc\alienfx-ambient.md
		Doc\alienfx-cli.md = Doc\alienfx-cli.md
		Doc\alienfx-gui.md = Doc\alienfx-gui.md
		Doc\alienfx-haptics.md = Doc\alienfx-haptics.md
		Doc\alienfx-probe.md = Doc\alienfx-probe.md
		Doc\LightFX.md = Doc\LightFX.md
	EndProjectSection
EndProject
Project("{8BC9CEB8-8B4A-11D0-8D11-00A0C91BC942}") = "LightFX", "LightFX\LightFX.vcxproj", "{9E86C7E5-6E4C-4120-B8A5-9AB53B57F918}"
EndProject
Global
	GlobalSection(SharedMSBuildProjectFiles) = preSolution
		alienfx-LFX\alienfx-LFX.vcxitems*{4ecafbb9-b7b9-4bc3-9c42-1882a68edac8}*SharedItemsImports = 4
		alienfx-shared\alienfx-shared.vcxitems*{50708a5a-1753-426c-85de-43de32500b30}*SharedItemsImports = 4
		alienfx-shared\alienfx-shared.vcxitems*{cad8b749-037a-4c37-ac11-67f69cb97b77}*SharedItemsImports = 9
		alienfx-LFX\alienfx-LFX.vcxitems*{cc4108ae-d644-45f9-95aa-67940d0fbeda}*SharedItemsImports = 9
		alienfx-shared\alienfx-shared.vcxitems*{e47811d5-e492-4b51-ad9a-a9b00939e3ec}*SharedItemsImports = 4
		alienfx-shared\alienfx-shared.vcxitems*{e5234a07-d191-420e-af6b-344c4557faae}*SharedItemsImports = 4
		alienfx-LFX\alienfx-LFX.vcxitems*{ff6119ea-878f-4e7b-9fcd-8410a5d3fbf8}*SharedItemsImports = 4
	EndGlobalSection
	GlobalSection(SolutionConfigurationPlatforms) = preSolution
		Debug|ARM = Debug|ARM
		Debug|ARM64 = Debug|ARM64
		Debug|x64 = Debug|x64
		Debug|x86 = Debug|x86
		Release|ARM = Release|ARM
		Release|ARM64 = Release|ARM64
		Release|x64 = Release|x64
		Release|x86 = Release|x86
	EndGlobalSection
	GlobalSection(ProjectConfigurationPlatforms) = postSolution
		{FF6119EA-878F-4E7B-9FCD-8410A5D3FBF8}.Debug|ARM.ActiveCfg = Debug|Win32
		{FF6119EA-878F-4E7B-9FCD-8410A5D3FBF8}.Debug|ARM64.ActiveCfg = Debug|Win32
		{FF6119EA-878F-4E7B-9FCD-8410A5D3FBF8}.Debug|x64.ActiveCfg = Debug|x64
		{FF6119EA-878F-4E7B-9FCD-8410A5D3FBF8}.Debug|x64.Build.0 = Debug|x64
		{FF6119EA-878F-4E7B-9FCD-8410A5D3FBF8}.Debug|x86.ActiveCfg = Debug|Win32
		{FF6119EA-878F-4E7B-9FCD-8410A5D3FBF8}.Debug|x86.Build.0 = Debug|Win32
		{FF6119EA-878F-4E7B-9FCD-8410A5D3FBF8}.Release|ARM.ActiveCfg = Release|Win32
		{FF6119EA-878F-4E7B-9FCD-8410A5D3FBF8}.Release|ARM64.ActiveCfg = Release|Win32
		{FF6119EA-878F-4E7B-9FCD-8410A5D3FBF8}.Release|x64.ActiveCfg = Release|x64
		{FF6119EA-878F-4E7B-9FCD-8410A5D3FBF8}.Release|x64.Build.0 = Release|x64
		{FF6119EA-878F-4E7B-9FCD-8410A5D3FBF8}.Release|x86.ActiveCfg = Release|Win32
		{FF6119EA-878F-4E7B-9FCD-8410A5D3FBF8}.Release|x86.Build.0 = Release|Win32
		{50708A5A-1753-426C-85DE-43DE32500B30}.Debug|ARM.ActiveCfg = Debug|Win32
		{50708A5A-1753-426C-85DE-43DE32500B30}.Debug|ARM64.ActiveCfg = Debug|Win32
		{50708A5A-1753-426C-85DE-43DE32500B30}.Debug|x64.ActiveCfg = Debug|x64
		{50708A5A-1753-426C-85DE-43DE32500B30}.Debug|x64.Build.0 = Debug|x64
		{50708A5A-1753-426C-85DE-43DE32500B30}.Debug|x64.Deploy.0 = Debug|x64
		{50708A5A-1753-426C-85DE-43DE32500B30}.Debug|x86.ActiveCfg = Debug|Win32
		{50708A5A-1753-426C-85DE-43DE32500B30}.Debug|x86.Build.0 = Debug|Win32
		{50708A5A-1753-426C-85DE-43DE32500B30}.Release|ARM.ActiveCfg = Release|Win32
		{50708A5A-1753-426C-85DE-43DE32500B30}.Release|ARM64.ActiveCfg = Release|Win32
		{50708A5A-1753-426C-85DE-43DE32500B30}.Release|x64.ActiveCfg = Release|x64
		{50708A5A-1753-426C-85DE-43DE32500B30}.Release|x64.Build.0 = Release|x64
		{50708A5A-1753-426C-85DE-43DE32500B30}.Release|x86.ActiveCfg = Release|Win32
		{50708A5A-1753-426C-85DE-43DE32500B30}.Release|x86.Build.0 = Release|Win32
		{4ECAFBB9-B7B9-4BC3-9C42-1882A68EDAC8}.Debug|ARM.ActiveCfg = Debug|Win32
		{4ECAFBB9-B7B9-4BC3-9C42-1882A68EDAC8}.Debug|ARM64.ActiveCfg = Debug|Win32
		{4ECAFBB9-B7B9-4BC3-9C42-1882A68EDAC8}.Debug|x64.ActiveCfg = Debug|x64
		{4ECAFBB9-B7B9-4BC3-9C42-1882A68EDAC8}.Debug|x64.Build.0 = Debug|x64
		{4ECAFBB9-B7B9-4BC3-9C42-1882A68EDAC8}.Debug|x64.Deploy.0 = Debug|x64
		{4ECAFBB9-B7B9-4BC3-9C42-1882A68EDAC8}.Debug|x86.ActiveCfg = Debug|Win32
		{4ECAFBB9-B7B9-4BC3-9C42-1882A68EDAC8}.Debug|x86.Build.0 = Debug|Win32
		{4ECAFBB9-B7B9-4BC3-9C42-1882A68EDAC8}.Release|ARM.ActiveCfg = Release|Win32
		{4ECAFBB9-B7B9-4BC3-9C42-1882A68EDAC8}.Release|ARM64.ActiveCfg = Release|Win32
		{4ECAFBB9-B7B9-4BC3-9C42-1882A68EDAC8}.Release|x64.ActiveCfg = Release|x64
		{4ECAFBB9-B7B9-4BC3-9C42-1882A68EDAC8}.Release|x64.Build.0 = Release|x64
		{4ECAFBB9-B7B9-4BC3-9C42-1882A68EDAC8}.Release|x86.ActiveCfg = Release|Win32
		{4ECAFBB9-B7B9-4BC3-9C42-1882A68EDAC8}.Release|x86.Build.0 = Release|Win32
		{E47811D5-E492-4B51-AD9A-A9B00939E3EC}.Debug|ARM.ActiveCfg = Debug|Win32
		{E47811D5-E492-4B51-AD9A-A9B00939E3EC}.Debug|ARM64.ActiveCfg = Debug|Win32
		{E47811D5-E492-4B51-AD9A-A9B00939E3EC}.Debug|x64.ActiveCfg = Debug|x64
		{E47811D5-E492-4B51-AD9A-A9B00939E3EC}.Debug|x64.Build.0 = Debug|x64
		{E47811D5-E492-4B51-AD9A-A9B00939E3EC}.Debug|x64.Deploy.0 = Debug|x64
		{E47811D5-E492-4B51-AD9A-A9B00939E3EC}.Debug|x86.ActiveCfg = Debug|Win32
		{E47811D5-E492-4B51-AD9A-A9B00939E3EC}.Debug|x86.Build.0 = Debug|Win32
		{E47811D5-E492-4B51-AD9A-A9B00939E3EC}.Release|ARM.ActiveCfg = Release|Win32
		{E47811D5-E492-4B51-AD9A-A9B00939E3EC}.Release|ARM64.ActiveCfg = Release|Win32
		{E47811D5-E492-4B51-AD9A-A9B00939E3EC}.Release|x64.ActiveCfg = Release|x64
		{E47811D5-E492-4B51-AD9A-A9B00939E3EC}.Release|x64.Build.0 = Release|x64
		{E47811D5-E492-4B51-AD9A-A9B00939E3EC}.Release|x86.ActiveCfg = Release|Win32
		{E47811D5-E492-4B51-AD9A-A9B00939E3EC}.Release|x86.Build.0 = Release|Win32
		{E5234A07-D191-420E-AF6B-344C4557FAAE}.Debug|ARM.ActiveCfg = Debug|Win32
		{E5234A07-D191-420E-AF6B-344C4557FAAE}.Debug|ARM64.ActiveCfg = Debug|Win32
		{E5234A07-D191-420E-AF6B-344C4557FAAE}.Debug|x64.ActiveCfg = Debug|x64
		{E5234A07-D191-420E-AF6B-344C4557FAAE}.Debug|x64.Build.0 = Debug|x64
		{E5234A07-D191-420E-AF6B-344C4557FAAE}.Debug|x64.Deploy.0 = Debug|x64
		{E5234A07-D191-420E-AF6B-344C4557FAAE}.Debug|x86.ActiveCfg = Debug|Win32
		{E5234A07-D191-420E-AF6B-344C4557FAAE}.Debug|x86.Build.0 = Debug|Win32
		{E5234A07-D191-420E-AF6B-344C4557FAAE}.Release|ARM.ActiveCfg = Release|Win32
		{E5234A07-D191-420E-AF6B-344C4557FAAE}.Release|ARM64.ActiveCfg = Release|Win32
		{E5234A07-D191-420E-AF6B-344C4557FAAE}.Release|x64.ActiveCfg = Release|x64
		{E5234A07-D191-420E-AF6B-344C4557FAAE}.Release|x64.Build.0 = Release|x64
		{E5234A07-D191-420E-AF6B-344C4557FAAE}.Release|x86.ActiveCfg = Release|Win32
		{E5234A07-D191-420E-AF6B-344C4557FAAE}.Release|x86.Build.0 = Release|Win32
		{E6F98B66-1C66-4AFD-8A48-FAA1022F8196}.Debug|ARM.ActiveCfg = Debug|Win32
		{E6F98B66-1C66-4AFD-8A48-FAA1022F8196}.Debug|ARM64.ActiveCfg = Debug|Win32
		{E6F98B66-1C66-4AFD-8A48-FAA1022F8196}.Debug|x64.ActiveCfg = Debug|x64
		{E6F98B66-1C66-4AFD-8A48-FAA1022F8196}.Debug|x64.Build.0 = Debug|x64
		{E6F98B66-1C66-4AFD-8A48-FAA1022F8196}.Debug|x86.ActiveCfg = Debug|Win32
		{E6F98B66-1C66-4AFD-8A48-FAA1022F8196}.Debug|x86.Build.0 = Debug|Win32
		{E6F98B66-1C66-4AFD-8A48-FAA1022F8196}.Release|ARM.ActiveCfg = Release|Win32
		{E6F98B66-1C66-4AFD-8A48-FAA1022F8196}.Release|ARM64.ActiveCfg = Release|Win32
		{E6F98B66-1C66-4AFD-8A48-FAA1022F8196}.Release|x64.ActiveCfg = Release|x64
		{E6F98B66-1C66-4AFD-8A48-FAA1022F8196}.Release|x64.Build.0 = Release|x64
		{E6F98B66-1C66-4AFD-8A48-FAA1022F8196}.Release|x86.ActiveCfg = Release|Win32
		{E6F98B66-1C66-4AFD-8A48-FAA1022F8196}.Release|x86.Build.0 = Release|Win32
		{CD8C911D-6B80-4F5D-A1A4-4CDBCB057ED7}.Debug|ARM.ActiveCfg = Debug
		{CD8C911D-6B80-4F5D-A1A4-4CDBCB057ED7}.Debug|ARM.Build.0 = Debug
		{CD8C911D-6B80-4F5D-A1A4-4CDBCB057ED7}.Debug|ARM64.ActiveCfg = Debug
		{CD8C911D-6B80-4F5D-A1A4-4CDBCB057ED7}.Debug|ARM64.Build.0 = Debug
		{CD8C911D-6B80-4F5D-A1A4-4CDBCB057ED7}.Debug|x64.ActiveCfg = Debug
		{CD8C911D-6B80-4F5D-A1A4-4CDBCB057ED7}.Debug|x86.ActiveCfg = Debug
		{CD8C911D-6B80-4F5D-A1A4-4CDBCB057ED7}.Release|ARM.ActiveCfg = Release
		{CD8C911D-6B80-4F5D-A1A4-4CDBCB057ED7}.Release|ARM.Build.0 = Release
		{CD8C911D-6B80-4F5D-A1A4-4CDBCB057ED7}.Release|ARM64.ActiveCfg = Release
		{CD8C911D-6B80-4F5D-A1A4-4CDBCB057ED7}.Release|ARM64.Build.0 = Release
		{CD8C911D-6B80-4F5D-A1A4-4CDBCB057ED7}.Release|x64.ActiveCfg = Release
		{CD8C911D-6B80-4F5D-A1A4-4CDBCB057ED7}.Release|x86.ActiveCfg = Release
		{90879993-7449-4A28-972E-7228D4C4D0A8}.Debug|ARM.ActiveCfg = Debug|Win32
		{90879993-7449-4A28-972E-7228D4C4D0A8}.Debug|ARM64.ActiveCfg = Debug|Win32
		{90879993-7449-4A28-972E-7228D4C4D0A8}.Debug|x64.ActiveCfg = Debug|x64
		{90879993-7449-4A28-972E-7228D4C4D0A8}.Debug|x64.Build.0 = Debug|x64
		{90879993-7449-4A28-972E-7228D4C4D0A8}.Debug|x86.ActiveCfg = Debug|Win32
		{90879993-7449-4A28-972E-7228D4C4D0A8}.Debug|x86.Build.0 = Debug|Win32
		{90879993-7449-4A28-972E-7228D4C4D0A8}.Release|ARM.ActiveCfg = Release|Win32
		{90879993-7449-4A28-972E-7228D4C4D0A8}.Release|ARM64.ActiveCfg = Release|Win32
		{90879993-7449-4A28-972E-7228D4C4D0A8}.Release|x64.ActiveCfg = Release|x64
		{90879993-7449-4A28-972E-7228D4C4D0A8}.Release|x64.Build.0 = Release|x64
		{90879993-7449-4A28-972E-7228D4C4D0A8}.Release|x86.ActiveCfg = Release|Win32
		{90879993-7449-4A28-972E-7228D4C4D0A8}.Release|x86.Build.0 = Release|Win32
		{5D74F1CA-7A53-4CBC-ADC4-E484814C4C6A}.Debug|ARM.ActiveCfg = Debug|ARM
		{5D74F1CA-7A53-4CBC-ADC4-E484814C4C6A}.Debug|ARM.Build.0 = Debug|ARM
		{5D74F1CA-7A53-4CBC-ADC4-E484814C4C6A}.Debug|ARM.Deploy.0 = Debug|ARM
		{5D74F1CA-7A53-4CBC-ADC4-E484814C4C6A}.Debug|ARM64.ActiveCfg = Debug|ARM64
		{5D74F1CA-7A53-4CBC-ADC4-E484814C4C6A}.Debug|ARM64.Build.0 = Debug|ARM64
		{5D74F1CA-7A53-4CBC-ADC4-E484814C4C6A}.Debug|ARM64.Deploy.0 = Debug|ARM64
		{5D74F1CA-7A53-4CBC-ADC4-E484814C4C6A}.Debug|x64.ActiveCfg = Debug|x64
		{5D74F1CA-7A53-4CBC-ADC4-E484814C4C6A}.Debug|x64.Build.0 = Debug|x64
		{5D74F1CA-7A53-4CBC-ADC4-E484814C4C6A}.Debug|x86.ActiveCfg = Debug|Win32
		{5D74F1CA-7A53-4CBC-ADC4-E484814C4C6A}.Debug|x86.Build.0 = Debug|Win32
		{5D74F1CA-7A53-4CBC-ADC4-E484814C4C6A}.Debug|x86.Deploy.0 = Debug|Win32
		{5D74F1CA-7A53-4CBC-ADC4-E484814C4C6A}.Release|ARM.ActiveCfg = Release|ARM
		{5D74F1CA-7A53-4CBC-ADC4-E484814C4C6A}.Release|ARM.Build.0 = Release|ARM
		{5D74F1CA-7A53-4CBC-ADC4-E484814C4C6A}.Release|ARM.Deploy.0 = Release|ARM
		{5D74F1CA-7A53-4CBC-ADC4-E484814C4C6A}.Release|ARM64.ActiveCfg = Release|ARM64
		{5D74F1CA-7A53-4CBC-ADC4-E484814C4C6A}.Release|ARM64.Build.0 = Release|ARM64
		{5D74F1CA-7A53-4CBC-ADC4-E484814C4C6A}.Release|ARM64.Deploy.0 = Release|ARM64
		{5D74F1CA-7A53-4CBC-ADC4-E484814C4C6A}.Release|x64.ActiveCfg = Release|x64
		{5D74F1CA-7A53-4CBC-ADC4-E484814C4C6A}.Release|x64.Build.0 = Release|x64
		{5D74F1CA-7A53-4CBC-ADC4-E484814C4C6A}.Release|x86.ActiveCfg = Release|Win32
		{5D74F1CA-7A53-4CBC-ADC4-E484814C4C6A}.Release|x86.Build.0 = Release|Win32
		{5D74F1CA-7A53-4CBC-ADC4-E484814C4C6A}.Release|x86.Deploy.0 = Release|Win32
		{BA47C298-BB09-4D40-8197-1FF1EC55AC02}.Debug|ARM.ActiveCfg = Debug|Win32
		{BA47C298-BB09-4D40-8197-1FF1EC55AC02}.Debug|ARM64.ActiveCfg = Debug|Win32
		{BA47C298-BB09-4D40-8197-1FF1EC55AC02}.Debug|x64.ActiveCfg = Debug|x64
		{BA47C298-BB09-4D40-8197-1FF1EC55AC02}.Debug|x64.Build.0 = Debug|x64
		{BA47C298-BB09-4D40-8197-1FF1EC55AC02}.Debug|x86.ActiveCfg = Debug|Win32
		{BA47C298-BB09-4D40-8197-1FF1EC55AC02}.Debug|x86.Build.0 = Debug|Win32
		{BA47C298-BB09-4D40-8197-1FF1EC55AC02}.Release|ARM.ActiveCfg = Release|Win32
		{BA47C298-BB09-4D40-8197-1FF1EC55AC02}.Release|ARM64.ActiveCfg = Release|Win32
		{BA47C298-BB09-4D40-8197-1FF1EC55AC02}.Release|x64.ActiveCfg = Release|x64
		{BA47C298-BB09-4D40-8197-1FF1EC55AC02}.Release|x64.Build.0 = Release|x64
		{BA47C298-BB09-4D40-8197-1FF1EC55AC02}.Release|x86.ActiveCfg = Release|Win32
		{BA47C298-BB09-4D40-8197-1FF1EC55AC02}.Release|x86.Build.0 = Release|Win32
		{41343B7C-6C9F-4AD4-9D27-050B3D76290D}.Debug|ARM.ActiveCfg = Debug|Win32
		{41343B7C-6C9F-4AD4-9D27-050B3D76290D}.Debug|ARM64.ActiveCfg = Debug|Win32
		{41343B7C-6C9F-4AD4-9D27-050B3D76290D}.Debug|x64.ActiveCfg = Debug|x64
		{41343B7C-6C9F-4AD4-9D27-050B3D76290D}.Debug|x64.Build.0 = Debug|x64
		{41343B7C-6C9F-4AD4-9D27-050B3D76290D}.Debug|x86.ActiveCfg = Debug|Win32
		{41343B7C-6C9F-4AD4-9D27-050B3D76290D}.Debug|x86.Build.0 = Debug|Win32
		{41343B7C-6C9F-4AD4-9D27-050B3D76290D}.Release|ARM.ActiveCfg = Release|Win32
		{41343B7C-6C9F-4AD4-9D27-050B3D76290D}.Release|ARM64.ActiveCfg = Release|Win32
		{41343B7C-6C9F-4AD4-9D27-050B3D76290D}.Release|x64.ActiveCfg = Release|x64
		{41343B7C-6C9F-4AD4-9D27-050B3D76290D}.Release|x64.Build.0 = Release|x64
		{41343B7C-6C9F-4AD4-9D27-050B3D76290D}.Release|x86.ActiveCfg = Release|Win32
		{41343B7C-6C9F-4AD4-9D27-050B3D76290D}.Release|x86.Build.0 = Release|Win32
		{D6AD2E10-F61C-43F1-87EA-E77DEA12DD42}.Debug|ARM.ActiveCfg = Debug|Win32
		{D6AD2E10-F61C-43F1-87EA-E77DEA12DD42}.Debug|ARM64.ActiveCfg = Debug|Win32
		{D6AD2E10-F61C-43F1-87EA-E77DEA12DD42}.Debug|x64.ActiveCfg = Debug|x64
		{D6AD2E10-F61C-43F1-87EA-E77DEA12DD42}.Debug|x64.Build.0 = Debug|x64
		{D6AD2E10-F61C-43F1-87EA-E77DEA12DD42}.Debug|x86.ActiveCfg = Debug|Win32
		{D6AD2E10-F61C-43F1-87EA-E77DEA12DD42}.Debug|x86.Build.0 = Debug|Win32
		{D6AD2E10-F61C-43F1-87EA-E77DEA12DD42}.Release|ARM.ActiveCfg = Release|Win32
		{D6AD2E10-F61C-43F1-87EA-E77DEA12DD42}.Release|ARM64.ActiveCfg = Release|Win32
		{D6AD2E10-F61C-43F1-87EA-E77DEA12DD42}.Release|x64.ActiveCfg = Release|x64
		{D6AD2E10-F61C-43F1-87EA-E77DEA12DD42}.Release|x64.Build.0 = Release|x64
		{D6AD2E10-F61C-43F1-87EA-E77DEA12DD42}.Release|x86.ActiveCfg = Release|Win32
		{D6AD2E10-F61C-43F1-87EA-E77DEA12DD42}.Release|x86.Build.0 = Release|Win32
		{3B208A8C-0E41-4830-A2B8-1319CFC778A7}.Debug|ARM.ActiveCfg = Debug|Win32
		{3B208A8C-0E41-4830-A2B8-1319CFC778A7}.Debug|ARM64.ActiveCfg = Debug|Win32
		{3B208A8C-0E41-4830-A2B8-1319CFC778A7}.Debug|x64.ActiveCfg = Debug|x64
		{3B208A8C-0E41-4830-A2B8-1319CFC778A7}.Debug|x64.Build.0 = Debug|x64
		{3B208A8C-0E41-4830-A2B8-1319CFC778A7}.Debug|x86.ActiveCfg = Debug|Win32
		{3B208A8C-0E41-4830-A2B8-1319CFC778A7}.Debug|x86.Build.0 = Debug|Win32
		{3B208A8C-0E41-4830-A2B8-1319CFC778A7}.Release|ARM.ActiveCfg = Release|Win32
		{3B208A8C-0E41-4830-A2B8-1319CFC778A7}.Release|ARM64.ActiveCfg = Release|Win32
		{3B208A8C-0E41-4830-A2B8-1319CFC778A7}.Release|x64.ActiveCfg = Release|x64
		{3B208A8C-0E41-4830-A2B8-1319CFC778A7}.Release|x64.Build.0 = Release|x64
		{3B208A8C-0E41-4830-A2B8-1319CFC778A7}.Release|x86.ActiveCfg = Release|Win32
		{3B208A8C-0E41-4830-A2B8-1319CFC778A7}.Release|x86.Build.0 = Release|Win32
		{9E86C7E5-6E4C-4120-B8A5-9AB53B57F918}.Debug|ARM.ActiveCfg = Debug|Win32
		{9E86C7E5-6E4C-4120-B8A5-9AB53B57F918}.Debug|ARM64.ActiveCfg = Debug|Win32
		{9E86C7E5-6E4C-4120-B8A5-9AB53B57F918}.Debug|x64.ActiveCfg = Debug|x64
		{9E86C7E5-6E4C-4120-B8A5-9AB53B57F918}.Debug|x64.Build.0 = Debug|x64
		{9E86C7E5-6E4C-4120-B8A5-9AB53B57F918}.Debug|x86.ActiveCfg = Debug|Win32
		{9E86C7E5-6E4C-4120-B8A5-9AB53B57F918}.Debug|x86.Build.0 = Debug|Win32
		{9E86C7E5-6E4C-4120-B8A5-9AB53B57F918}.Release|ARM.ActiveCfg = Release|Win32
		{9E86C7E5-6E4C-4120-B8A5-9AB53B57F918}.Release|ARM64.ActiveCfg = Release|Win32
		{9E86C7E5-6E4C-4120-B8A5-9AB53B57F918}.Release|x64.ActiveCfg = Release|x64
		{9E86C7E5-6E4C-4120-B8A5-9AB53B57F918}.Release|x64.Build.0 = Release|x64
		{9E86C7E5-6E4C-4120-B8A5-9AB53B57F918}.Release|x86.ActiveCfg = Release|Win32
		{9E86C7E5-6E4C-4120-B8A5-9AB53B57F918}.Release|x86.Build.0 = Release|Win32
	EndGlobalSection
	GlobalSection(SolutionProperties) = preSolution
		HideSolutionNode = FALSE
	EndGlobalSection
	GlobalSection(ExtensibilityGlobals) = postSolution
		SolutionGuid = {BC1E1EF4-CAA0-4056-8067-A66F6680D024}
	EndGlobalSection
EndGlobal
